
Microsoft Visual Studio Solution File, Format Version 12.00
# Visual Studio 2013
VisualStudioVersion = 12.0.31101.0
MinimumVisualStudioVersion = 10.0.40219.1
Project("{E24C65DC-7377-472B-9ABA-BC803B73C61A}") = "sgoguen.github.com", "http://localhost:57230", "{87AC37F4-BAEE-49B6-9CAB-8426015459FF}"
	ProjectSection(WebsiteProperties) = preProject
		UseIISExpress = "true"
		TargetFrameworkMoniker = ".NETFramework,Version%3Dv4.0"
		Debug.AspNetCompiler.VirtualPath = "/localhost_57230"
		Debug.AspNetCompiler.PhysicalPath = "..\sgoguen.github.com\"
		Debug.AspNetCompiler.TargetPath = "PrecompiledWeb\localhost_57230\"
		Debug.AspNetCompiler.Updateable = "true"
		Debug.AspNetCompiler.ForceOverwrite = "true"
		Debug.AspNetCompiler.FixedNames = "false"
		Debug.AspNetCompiler.Debug = "True"
		Release.AspNetCompiler.VirtualPath = "/localhost_57230"
		Release.AspNetCompiler.PhysicalPath = "..\sgoguen.github.com\"
		Release.AspNetCompiler.TargetPath = "PrecompiledWeb\localhost_57230\"
		Release.AspNetCompiler.Updateable = "true"
		Release.AspNetCompiler.ForceOverwrite = "true"
		Release.AspNetCompiler.FixedNames = "false"
		Release.AspNetCompiler.Debug = "False"
		SlnRelativePath = "..\sgoguen.github.com\"
	EndProjectSection
EndProject
Project("{F2A71F9B-5D33-465A-A702-920D77279786}") = "Journal", "Journal\Journal.fsproj", "{81243959-5415-41CB-80A2-2BF468C0D6D0}"
EndProject
Global
	GlobalSection(SolutionConfigurationPlatforms) = preSolution
		Debug|Any CPU = Debug|Any CPU
		Release|Any CPU = Release|Any CPU
	EndGlobalSection
	GlobalSection(ProjectConfigurationPlatforms) = postSolution
		{87AC37F4-BAEE-49B6-9CAB-8426015459FF}.Debug|Any CPU.ActiveCfg = Debug|Any CPU
		{87AC37F4-BAEE-49B6-9CAB-8426015459FF}.Debug|Any CPU.Build.0 = Debug|Any CPU
		{87AC37F4-BAEE-49B6-9CAB-8426015459FF}.Release|Any CPU.ActiveCfg = Debug|Any CPU
		{87AC37F4-BAEE-49B6-9CAB-8426015459FF}.Release|Any CPU.Build.0 = Debug|Any CPU
		{81243959-5415-41CB-80A2-2BF468C0D6D0}.Debug|Any CPU.ActiveCfg = Debug|Any CPU
		{81243959-5415-41CB-80A2-2BF468C0D6D0}.Debug|Any CPU.Build.0 = Debug|Any CPU
		{81243959-5415-41CB-80A2-2BF468C0D6D0}.Release|Any CPU.ActiveCfg = Release|Any CPU
		{81243959-5415-41CB-80A2-2BF468C0D6D0}.Release|Any CPU.Build.0 = Release|Any CPU
	EndGlobalSection
	GlobalSection(SolutionProperties) = preSolution
		HideSolutionNode = FALSE
	EndGlobalSection
EndGlobal
